
Microsoft Visual Studio Solution File, Format Version 12.00
# Visual Studio 15
Project("{FAE04EC0-301F-11D3-BF4B-00C04F79EFBC}") = "DotNetCore2RestWebApplication", "DotNetCore2RestWebApplication\DotNetCore2RestWebApplication.csproj", "{BC8043D0-4F21-4827-AB9C-339D5816DE4E}"
EndProject
Project("{FAE04EC0-301F-11D3-BF4B-00C04F79EFBC}") = "ApiUnitTest", "ApiUnitTest\ApiUnitTest.csproj", "{20C8D56E-71C2-4E96-A183-641BC91FBD7F}"
EndProject
Global
	GlobalSection(SolutionConfigurationPlatforms) = preSolution
		Debug|Any CPU = Debug|Any CPU
		Release|Any CPU = Release|Any CPU
	EndGlobalSection
	GlobalSection(ProjectConfigurationPlatforms) = postSolution
		{BC8043D0-4F21-4827-AB9C-339D5816DE4E}.Debug|Any CPU.ActiveCfg = Debug|Any CPU
		{BC8043D0-4F21-4827-AB9C-339D5816DE4E}.Debug|Any CPU.Build.0 = Debug|Any CPU
		{BC8043D0-4F21-4827-AB9C-339D5816DE4E}.Release|Any CPU.ActiveCfg = Release|Any CPU
		{BC8043D0-4F21-4827-AB9C-339D5816DE4E}.Release|Any CPU.Build.0 = Release|Any CPU
		{20C8D56E-71C2-4E96-A183-641BC91FBD7F}.Debug|Any CPU.ActiveCfg = Debug|Any CPU
		{20C8D56E-71C2-4E96-A183-641BC91FBD7F}.Debug|Any CPU.Build.0 = Debug|Any CPU
		{20C8D56E-71C2-4E96-A183-641BC91FBD7F}.Release|Any CPU.ActiveCfg = Release|Any CPU
		{20C8D56E-71C2-4E96-A183-641BC91FBD7F}.Release|Any CPU.Build.0 = Release|Any CPU
	EndGlobalSection
EndGlobal
